
Microsoft Visual Studio Solution File, Format Version 12.00
# Visual Studio Version 16
VisualStudioVersion = 16.0.31515.178
MinimumVisualStudioVersion = 10.0.40219.1
Project("{FAE04EC0-301F-11D3-BF4B-00C04F79EFBC}") = "TesteGit", "TesteGit.csproj", "{6ECE87F0-D378-470F-9247-6DAB562A04DF}"
EndProject
Global
	GlobalSection(SolutionConfigurationPlatforms) = preSolution
		Debug|Any CPU = Debug|Any CPU
		Release|Any CPU = Release|Any CPU
	EndGlobalSection
	GlobalSection(ProjectConfigurationPlatforms) = postSolution
		{6ECE87F0-D378-470F-9247-6DAB562A04DF}.Debug|Any CPU.ActiveCfg = Debug|Any CPU
		{6ECE87F0-D378-470F-9247-6DAB562A04DF}.Debug|Any CPU.Build.0 = Debug|Any CPU
		{6ECE87F0-D378-470F-9247-6DAB562A04DF}.Release|Any CPU.ActiveCfg = Release|Any CPU
		{6ECE87F0-D378-470F-9247-6DAB562A04DF}.Release|Any CPU.Build.0 = Release|Any CPU
	EndGlobalSection
	GlobalSection(SolutionProperties) = preSolution
		HideSolutionNode = FALSE
	EndGlobalSection
	GlobalSection(ExtensibilityGlobals) = postSolution
		SolutionGuid = {D6F2D86F-728E-4B0A-AB4E-D8095D9EDA36}
	EndGlobalSection
EndGlobal
